
Microsoft Visual Studio Solution File, Format Version 12.00
# Visual Studio Version 16
VisualStudioVersion = 16.0.32901.82
MinimumVisualStudioVersion = 10.0.40219.1
Project("{9A19103F-16F7-4668-BE54-9A1E7A4F7556}") = "Entidades_2TpParcialLabo", "Entidades_2TpParcialLabo.csproj", "{2C667140-3C57-4BD2-89C3-13278A5C3253}"
EndProject
Project("{9A19103F-16F7-4668-BE54-9A1E7A4F7556}") = "GraficaDados", "..\GraficaDados\GraficaDados.csproj", "{D6434282-789B-45B6-90D2-38D6466E9D27}"
EndProject
Project("{9A19103F-16F7-4668-BE54-9A1E7A4F7556}") = "Generala_Tests", "..\Generala_Tests\Generala_Tests.csproj", "{D9DCD788-1724-45FD-80CC-9F61D3F3BD07}"
EndProject
Global
	GlobalSection(SolutionConfigurationPlatforms) = preSolution
		Debug|Any CPU = Debug|Any CPU
		Release|Any CPU = Release|Any CPU
	EndGlobalSection
	GlobalSection(ProjectConfigurationPlatforms) = postSolution
		{2C667140-3C57-4BD2-89C3-13278A5C3253}.Debug|Any CPU.ActiveCfg = Debug|Any CPU
		{2C667140-3C57-4BD2-89C3-13278A5C3253}.Debug|Any CPU.Build.0 = Debug|Any CPU
		{2C667140-3C57-4BD2-89C3-13278A5C3253}.Release|Any CPU.ActiveCfg = Release|Any CPU
		{2C667140-3C57-4BD2-89C3-13278A5C3253}.Release|Any CPU.Build.0 = Release|Any CPU
		{D6434282-789B-45B6-90D2-38D6466E9D27}.Debug|Any CPU.ActiveCfg = Debug|Any CPU
		{D6434282-789B-45B6-90D2-38D6466E9D27}.Debug|Any CPU.Build.0 = Debug|Any CPU
		{D6434282-789B-45B6-90D2-38D6466E9D27}.Release|Any CPU.ActiveCfg = Release|Any CPU
		{D6434282-789B-45B6-90D2-38D6466E9D27}.Release|Any CPU.Build.0 = Release|Any CPU
		{D9DCD788-1724-45FD-80CC-9F61D3F3BD07}.Debug|Any CPU.ActiveCfg = Debug|Any CPU
		{D9DCD788-1724-45FD-80CC-9F61D3F3BD07}.Debug|Any CPU.Build.0 = Debug|Any CPU
		{D9DCD788-1724-45FD-80CC-9F61D3F3BD07}.Release|Any CPU.ActiveCfg = Release|Any CPU
		{D9DCD788-1724-45FD-80CC-9F61D3F3BD07}.Release|Any CPU.Build.0 = Release|Any CPU
	EndGlobalSection
	GlobalSection(SolutionProperties) = preSolution
		HideSolutionNode = FALSE
	EndGlobalSection
	GlobalSection(ExtensibilityGlobals) = postSolution
		SolutionGuid = {F9B60934-219E-47DC-9827-4C247487DA3A}
	EndGlobalSection
EndGlobal
